
Microsoft Visual Studio Solution File, Format Version 12.00
# Visual Studio Version 17
VisualStudioVersion = 17.10.34928.147
MinimumVisualStudioVersion = 10.0.40219.1
Project("{FAE04EC0-301F-11D3-BF4B-00C04F79EFBC}") = "Qbicles.Web", "Qbicles.Web\Qbicles.Web.csproj", "{7F0E319C-EC00-4FD0-AF33-74B7121B331E}"
EndProject
Project("{FAE04EC0-301F-11D3-BF4B-00C04F79EFBC}") = "Qbicles.SignalR", "Qbicles.SignalR\Qbicles.SignalR.csproj", "{1171C524-5E31-492F-9DEB-AED4BF6C4DFD}"
EndProject
Project("{FAE04EC0-301F-11D3-BF4B-00C04F79EFBC}") = "Qbicles.TraderAPI", "Qbicles.TraderAPI\Qbicles.TraderAPI.csproj", "{7A99B42C-1E25-4F82-A829-406A8D9D7782}"
EndProject
Project("{FAE04EC0-301F-11D3-BF4B-00C04F79EFBC}") = "Qbicles.Hangfire", "Qbicles.Hangfire\Qbicles.Hangfire.csproj", "{D2C5EA2F-9A09-4B6F-8749-0AB52AAD8575}"
EndProject
Project("{FAE04EC0-301F-11D3-BF4B-00C04F79EFBC}") = "Qbicles.Doc", "Qbicles.Doc\Qbicles.Doc.csproj", "{D250DB76-D53D-4329-9AD6-5007C381CA5C}"
EndProject
Project("{FAE04EC0-301F-11D3-BF4B-00C04F79EFBC}") = "Qbicles.MicroApi", "Qbicles.MicroApi\Qbicles.MicroApi.csproj", "{C963F9AB-56DC-49C1-B7BD-7A61348DED24}"
EndProject
Project("{2150E333-8FDC-42A3-9474-1A3956D46DE8}") = "Qbicles.Shared", "Qbicles.Shared", "{506F2725-8F7F-4C97-B13A-D4EE6F120996}"
EndProject
Project("{FAE04EC0-301F-11D3-BF4B-00C04F79EFBC}") = "Qbicles.Models", "Qbicles.Shared\Qbicles.Models\Qbicles.Models.csproj", "{CEF58D48-6B67-42E5-8FD0-0B2F3238B8D7}"
EndProject
Project("{FAE04EC0-301F-11D3-BF4B-00C04F79EFBC}") = "Qbicles.BusinessRules", "Qbicles.Shared\BusinessRules\Qbicles.BusinessRules.csproj", "{8ED106BC-530E-4E00-98FC-BA64F78CCB80}"
EndProject
Global
	GlobalSection(SolutionConfigurationPlatforms) = preSolution
		Debug|Any CPU = Debug|Any CPU
		Dev1|Any CPU = Dev1|Any CPU
		Qbicles_Web_Test|Any CPU = Qbicles_Web_Test|Any CPU
		Release|Any CPU = Release|Any CPU
		ViewCompilation|Any CPU = ViewCompilation|Any CPU
	EndGlobalSection
	GlobalSection(ProjectConfigurationPlatforms) = postSolution
		{7F0E319C-EC00-4FD0-AF33-74B7121B331E}.Debug|Any CPU.ActiveCfg = Debug|Any CPU
		{7F0E319C-EC00-4FD0-AF33-74B7121B331E}.Debug|Any CPU.Build.0 = Debug|Any CPU
		{7F0E319C-EC00-4FD0-AF33-74B7121B331E}.Dev1|Any CPU.ActiveCfg = Dev1|Any CPU
		{7F0E319C-EC00-4FD0-AF33-74B7121B331E}.Dev1|Any CPU.Build.0 = Dev1|Any CPU
		{7F0E319C-EC00-4FD0-AF33-74B7121B331E}.Qbicles_Web_Test|Any CPU.ActiveCfg = Qbicles_Web_Test|Any CPU
		{7F0E319C-EC00-4FD0-AF33-74B7121B331E}.Qbicles_Web_Test|Any CPU.Build.0 = Qbicles_Web_Test|Any CPU
		{7F0E319C-EC00-4FD0-AF33-74B7121B331E}.Release|Any CPU.ActiveCfg = Release|Any CPU
		{7F0E319C-EC00-4FD0-AF33-74B7121B331E}.Release|Any CPU.Build.0 = Release|Any CPU
		{7F0E319C-EC00-4FD0-AF33-74B7121B331E}.ViewCompilation|Any CPU.ActiveCfg = ViewCompilation|Any CPU
		{7F0E319C-EC00-4FD0-AF33-74B7121B331E}.ViewCompilation|Any CPU.Build.0 = ViewCompilation|Any CPU
		{1171C524-5E31-492F-9DEB-AED4BF6C4DFD}.Debug|Any CPU.ActiveCfg = Debug|Any CPU
		{1171C524-5E31-492F-9DEB-AED4BF6C4DFD}.Debug|Any CPU.Build.0 = Debug|Any CPU
		{1171C524-5E31-492F-9DEB-AED4BF6C4DFD}.Dev1|Any CPU.ActiveCfg = Dev1|Any CPU
		{1171C524-5E31-492F-9DEB-AED4BF6C4DFD}.Dev1|Any CPU.Build.0 = Dev1|Any CPU
		{1171C524-5E31-492F-9DEB-AED4BF6C4DFD}.Qbicles_Web_Test|Any CPU.ActiveCfg = Qbicles_Web_Test|Any CPU
		{1171C524-5E31-492F-9DEB-AED4BF6C4DFD}.Qbicles_Web_Test|Any CPU.Build.0 = Qbicles_Web_Test|Any CPU
		{1171C524-5E31-492F-9DEB-AED4BF6C4DFD}.Release|Any CPU.ActiveCfg = Release|Any CPU
		{1171C524-5E31-492F-9DEB-AED4BF6C4DFD}.Release|Any CPU.Build.0 = Release|Any CPU
		{1171C524-5E31-492F-9DEB-AED4BF6C4DFD}.ViewCompilation|Any CPU.ActiveCfg = ViewCompilation|Any CPU
		{7A99B42C-1E25-4F82-A829-406A8D9D7782}.Debug|Any CPU.ActiveCfg = Debug|Any CPU
		{7A99B42C-1E25-4F82-A829-406A8D9D7782}.Debug|Any CPU.Build.0 = Debug|Any CPU
		{7A99B42C-1E25-4F82-A829-406A8D9D7782}.Dev1|Any CPU.ActiveCfg = Dev1|Any CPU
		{7A99B42C-1E25-4F82-A829-406A8D9D7782}.Dev1|Any CPU.Build.0 = Dev1|Any CPU
		{7A99B42C-1E25-4F82-A829-406A8D9D7782}.Qbicles_Web_Test|Any CPU.ActiveCfg = Release|Any CPU
		{7A99B42C-1E25-4F82-A829-406A8D9D7782}.Qbicles_Web_Test|Any CPU.Build.0 = Release|Any CPU
		{7A99B42C-1E25-4F82-A829-406A8D9D7782}.Release|Any CPU.ActiveCfg = Release|Any CPU
		{7A99B42C-1E25-4F82-A829-406A8D9D7782}.Release|Any CPU.Build.0 = Release|Any CPU
		{7A99B42C-1E25-4F82-A829-406A8D9D7782}.ViewCompilation|Any CPU.ActiveCfg = ViewCompilation|Any CPU
		{D2C5EA2F-9A09-4B6F-8749-0AB52AAD8575}.Debug|Any CPU.ActiveCfg = Debug|Any CPU
		{D2C5EA2F-9A09-4B6F-8749-0AB52AAD8575}.Debug|Any CPU.Build.0 = Debug|Any CPU
		{D2C5EA2F-9A09-4B6F-8749-0AB52AAD8575}.Dev1|Any CPU.ActiveCfg = Dev1|Any CPU
		{D2C5EA2F-9A09-4B6F-8749-0AB52AAD8575}.Dev1|Any CPU.Build.0 = Dev1|Any CPU
		{D2C5EA2F-9A09-4B6F-8749-0AB52AAD8575}.Qbicles_Web_Test|Any CPU.ActiveCfg = Release|Any CPU
		{D2C5EA2F-9A09-4B6F-8749-0AB52AAD8575}.Qbicles_Web_Test|Any CPU.Build.0 = Release|Any CPU
		{D2C5EA2F-9A09-4B6F-8749-0AB52AAD8575}.Release|Any CPU.ActiveCfg = Release|Any CPU
		{D2C5EA2F-9A09-4B6F-8749-0AB52AAD8575}.Release|Any CPU.Build.0 = Release|Any CPU
		{D2C5EA2F-9A09-4B6F-8749-0AB52AAD8575}.ViewCompilation|Any CPU.ActiveCfg = ViewCompilation|Any CPU
		{D250DB76-D53D-4329-9AD6-5007C381CA5C}.Debug|Any CPU.ActiveCfg = Debug|Any CPU
		{D250DB76-D53D-4329-9AD6-5007C381CA5C}.Debug|Any CPU.Build.0 = Debug|Any CPU
		{D250DB76-D53D-4329-9AD6-5007C381CA5C}.Dev1|Any CPU.ActiveCfg = Dev1|Any CPU
		{D250DB76-D53D-4329-9AD6-5007C381CA5C}.Dev1|Any CPU.Build.0 = Dev1|Any CPU
		{D250DB76-D53D-4329-9AD6-5007C381CA5C}.Qbicles_Web_Test|Any CPU.ActiveCfg = Release|Any CPU
		{D250DB76-D53D-4329-9AD6-5007C381CA5C}.Qbicles_Web_Test|Any CPU.Build.0 = Release|Any CPU
		{D250DB76-D53D-4329-9AD6-5007C381CA5C}.Release|Any CPU.ActiveCfg = Release|Any CPU
		{D250DB76-D53D-4329-9AD6-5007C381CA5C}.Release|Any CPU.Build.0 = Release|Any CPU
		{D250DB76-D53D-4329-9AD6-5007C381CA5C}.ViewCompilation|Any CPU.ActiveCfg = ViewCompilation|Any CPU
		{C963F9AB-56DC-49C1-B7BD-7A61348DED24}.Debug|Any CPU.ActiveCfg = Debug|Any CPU
		{C963F9AB-56DC-49C1-B7BD-7A61348DED24}.Debug|Any CPU.Build.0 = Debug|Any CPU
		{C963F9AB-56DC-49C1-B7BD-7A61348DED24}.Dev1|Any CPU.ActiveCfg = Dev1|Any CPU
		{C963F9AB-56DC-49C1-B7BD-7A61348DED24}.Dev1|Any CPU.Build.0 = Dev1|Any CPU
		{C963F9AB-56DC-49C1-B7BD-7A61348DED24}.Qbicles_Web_Test|Any CPU.ActiveCfg = Debug|Any CPU
		{C963F9AB-56DC-49C1-B7BD-7A61348DED24}.Qbicles_Web_Test|Any CPU.Build.0 = Debug|Any CPU
		{C963F9AB-56DC-49C1-B7BD-7A61348DED24}.Release|Any CPU.ActiveCfg = Release|Any CPU
		{C963F9AB-56DC-49C1-B7BD-7A61348DED24}.Release|Any CPU.Build.0 = Release|Any CPU
		{C963F9AB-56DC-49C1-B7BD-7A61348DED24}.ViewCompilation|Any CPU.ActiveCfg = Debug|Any CPU
		{CEF58D48-6B67-42E5-8FD0-0B2F3238B8D7}.Debug|Any CPU.ActiveCfg = Debug|Any CPU
		{CEF58D48-6B67-42E5-8FD0-0B2F3238B8D7}.Debug|Any CPU.Build.0 = Debug|Any CPU
		{CEF58D48-6B67-42E5-8FD0-0B2F3238B8D7}.Dev1|Any CPU.ActiveCfg = Dev1|Any CPU
		{CEF58D48-6B67-42E5-8FD0-0B2F3238B8D7}.Dev1|Any CPU.Build.0 = Dev1|Any CPU
		{CEF58D48-6B67-42E5-8FD0-0B2F3238B8D7}.Qbicles_Web_Test|Any CPU.ActiveCfg = Qbicles_Web_Test|Any CPU
		{CEF58D48-6B67-42E5-8FD0-0B2F3238B8D7}.Qbicles_Web_Test|Any CPU.Build.0 = Qbicles_Web_Test|Any CPU
		{CEF58D48-6B67-42E5-8FD0-0B2F3238B8D7}.Release|Any CPU.ActiveCfg = Release|Any CPU
		{CEF58D48-6B67-42E5-8FD0-0B2F3238B8D7}.Release|Any CPU.Build.0 = Release|Any CPU
		{CEF58D48-6B67-42E5-8FD0-0B2F3238B8D7}.ViewCompilation|Any CPU.ActiveCfg = ViewCompilation|Any CPU
		{CEF58D48-6B67-42E5-8FD0-0B2F3238B8D7}.ViewCompilation|Any CPU.Build.0 = ViewCompilation|Any CPU
		{8ED106BC-530E-4E00-98FC-BA64F78CCB80}.Debug|Any CPU.ActiveCfg = Debug|Any CPU
		{8ED106BC-530E-4E00-98FC-BA64F78CCB80}.Debug|Any CPU.Build.0 = Debug|Any CPU
		{8ED106BC-530E-4E00-98FC-BA64F78CCB80}.Dev1|Any CPU.ActiveCfg = Dev1|Any CPU
		{8ED106BC-530E-4E00-98FC-BA64F78CCB80}.Dev1|Any CPU.Build.0 = Dev1|Any CPU
		{8ED106BC-530E-4E00-98FC-BA64F78CCB80}.Qbicles_Web_Test|Any CPU.ActiveCfg = Qbicles_Web_Test|Any CPU
		{8ED106BC-530E-4E00-98FC-BA64F78CCB80}.Qbicles_Web_Test|Any CPU.Build.0 = Qbicles_Web_Test|Any CPU
		{8ED106BC-530E-4E00-98FC-BA64F78CCB80}.Release|Any CPU.ActiveCfg = Release|Any CPU
		{8ED106BC-530E-4E00-98FC-BA64F78CCB80}.Release|Any CPU.Build.0 = Release|Any CPU
		{8ED106BC-530E-4E00-98FC-BA64F78CCB80}.ViewCompilation|Any CPU.ActiveCfg = ViewCompilation|Any CPU
		{8ED106BC-530E-4E00-98FC-BA64F78CCB80}.ViewCompilation|Any CPU.Build.0 = ViewCompilation|Any CPU
	EndGlobalSection
	GlobalSection(SolutionProperties) = preSolution
		HideSolutionNode = FALSE
	EndGlobalSection
	GlobalSection(NestedProjects) = preSolution
		{CEF58D48-6B67-42E5-8FD0-0B2F3238B8D7} = {506F2725-8F7F-4C97-B13A-D4EE6F120996}
		{8ED106BC-530E-4E00-98FC-BA64F78CCB80} = {506F2725-8F7F-4C97-B13A-D4EE6F120996}
	EndGlobalSection
	GlobalSection(ExtensibilityGlobals) = postSolution
		SolutionGuid = {2CE8A899-03CD-4682-8A15-305B7E0F2E84}
	EndGlobalSection
EndGlobal
